
Microsoft Visual Studio Solution File, Format Version 12.00
# Visual Studio Version 16
VisualStudioVersion = 16.0.32901.82
MinimumVisualStudioVersion = 10.0.40219.1
Project("{9A19103F-16F7-4668-BE54-9A1E7A4F7556}") = "SoftWizECommerce", "SoftWizECommerce.csproj", "{F02AC544-17E8-48B0-9FC5-466C98BB64F2}"
EndProject
Project("{00D1A9C2-B5F0-4AF3-8072-F6C62B433612}") = "SoftWizDatabase", "..\SoftWizDatabase\SoftWizDatabase.sqlproj", "{AF631437-92ED-41F8-B8CF-351B8D6C8B33}"
EndProject
Global
	GlobalSection(SolutionConfigurationPlatforms) = preSolution
		Debug|Any CPU = Debug|Any CPU
		Release|Any CPU = Release|Any CPU
	EndGlobalSection
	GlobalSection(ProjectConfigurationPlatforms) = postSolution
		{F02AC544-17E8-48B0-9FC5-466C98BB64F2}.Debug|Any CPU.ActiveCfg = Debug|Any CPU
		{F02AC544-17E8-48B0-9FC5-466C98BB64F2}.Debug|Any CPU.Build.0 = Debug|Any CPU
		{F02AC544-17E8-48B0-9FC5-466C98BB64F2}.Release|Any CPU.ActiveCfg = Release|Any CPU
		{F02AC544-17E8-48B0-9FC5-466C98BB64F2}.Release|Any CPU.Build.0 = Release|Any CPU
		{AF631437-92ED-41F8-B8CF-351B8D6C8B33}.Debug|Any CPU.ActiveCfg = Debug|Any CPU
		{AF631437-92ED-41F8-B8CF-351B8D6C8B33}.Debug|Any CPU.Build.0 = Debug|Any CPU
		{AF631437-92ED-41F8-B8CF-351B8D6C8B33}.Debug|Any CPU.Deploy.0 = Debug|Any CPU
		{AF631437-92ED-41F8-B8CF-351B8D6C8B33}.Release|Any CPU.ActiveCfg = Release|Any CPU
		{AF631437-92ED-41F8-B8CF-351B8D6C8B33}.Release|Any CPU.Build.0 = Release|Any CPU
		{AF631437-92ED-41F8-B8CF-351B8D6C8B33}.Release|Any CPU.Deploy.0 = Release|Any CPU
	EndGlobalSection
	GlobalSection(SolutionProperties) = preSolution
		HideSolutionNode = FALSE
	EndGlobalSection
	GlobalSection(ExtensibilityGlobals) = postSolution
		SolutionGuid = {B0F1E45E-0D35-4C08-9BEC-476CB1F4552C}
	EndGlobalSection
EndGlobal
